
Microsoft Visual Studio Solution File, Format Version 12.00
# Visual Studio Version 17
VisualStudioVersion = 17.10.34928.147
MinimumVisualStudioVersion = 10.0.40219.1
Project("{FAE04EC0-301F-11D3-BF4B-00C04F79EFBC}") = "PickleInventory", "PickleInventory.csproj", "{82958943-1DF9-4940-8FFB-7029969ADD4B}"
EndProject
Global
	GlobalSection(SolutionConfigurationPlatforms) = preSolution
		Debug|Any CPU = Debug|Any CPU
		Release|Any CPU = Release|Any CPU
	EndGlobalSection
	GlobalSection(ProjectConfigurationPlatforms) = postSolution
		{82958943-1DF9-4940-8FFB-7029969ADD4B}.Debug|Any CPU.ActiveCfg = Debug|Any CPU
		{82958943-1DF9-4940-8FFB-7029969ADD4B}.Debug|Any CPU.Build.0 = Debug|Any CPU
		{82958943-1DF9-4940-8FFB-7029969ADD4B}.Release|Any CPU.ActiveCfg = Release|Any CPU
		{82958943-1DF9-4940-8FFB-7029969ADD4B}.Release|Any CPU.Build.0 = Release|Any CPU
	EndGlobalSection
	GlobalSection(SolutionProperties) = preSolution
		HideSolutionNode = FALSE
	EndGlobalSection
	GlobalSection(ExtensibilityGlobals) = postSolution
		SolutionGuid = {87D2DD2F-E5D7-4B36-8CDB-2F7C13863420}
	EndGlobalSection
EndGlobal
